// !$*UTF8*$!
{
	archiveVersion = 1;
	classes = {
	};
	objectVersion = 52;
	objects = {

/* Begin PBXBuildFile section */
		5D21C20DC123E92BD7DCEDF6 /* Pods_MSease.framework in Frameworks */ = {isa = PBXBuildFile; fileRef = 5985A3334A06593A80337851 /* Pods_MSease.framework */; };
		8407F69F25D9AF0A0015666A /* NotesTableViewController.swift in Sources */ = {isa = PBXBuildFile; fileRef = 8407F69E25D9AF0A0015666A /* NotesTableViewController.swift */; };
		8407F6A225D9B0420015666A /* NotesTableViewCell.swift in Sources */ = {isa = PBXBuildFile; fileRef = 8407F6A125D9B0420015666A /* NotesTableViewCell.swift */; };
		840C1E5C25D3159700AD339E /* SymptomsCollectionViewCell.swift in Sources */ = {isa = PBXBuildFile; fileRef = 840C1E5B25D3159700AD339E /* SymptomsCollectionViewCell.swift */; };
		840C1E6925D36BED00AD339E /* Symptom.swift in Sources */ = {isa = PBXBuildFile; fileRef = 840C1E6825D36BED00AD339E /* Symptom.swift */; };
		840C1E6E25D36E9400AD339E /* RealmManager.swift in Sources */ = {isa = PBXBuildFile; fileRef = 840C1E6D25D36E9400AD339E /* RealmManager.swift */; };
		840CA86D2642DF7C00018481 /* InjectionTableViewCell.swift in Sources */ = {isa = PBXBuildFile; fileRef = 840CA86C2642DF7C00018481 /* InjectionTableViewCell.swift */; };
		840CA870264305B900018481 /* Gradient.swift in Sources */ = {isa = PBXBuildFile; fileRef = 840CA86F264305B700018481 /* Gradient.swift */; };
		840CA87326445C2D00018481 /* MainTabBarController.swift in Sources */ = {isa = PBXBuildFile; fileRef = 840CA87226445C2A00018481 /* MainTabBarController.swift */; };
		840CA87626455E4000018481 /* TabbarStoryboard.storyboard in Resources */ = {isa = PBXBuildFile; fileRef = 840CA87526455E3F00018481 /* TabbarStoryboard.storyboard */; };
		840CA87A26456FDE00018481 /* Assets.xcassets in Resources */ = {isa = PBXBuildFile; fileRef = 840CA87926456FDD00018481 /* Assets.xcassets */; };
		840CA88A2645A5A300018481 /* CenterTabBarButton.swift in Sources */ = {isa = PBXBuildFile; fileRef = 840CA8892645A5A200018481 /* CenterTabBarButton.swift */; };
		840CA89726494FEE00018481 /* GridCollectionViewCell.swift in Sources */ = {isa = PBXBuildFile; fileRef = 840CA89626494FED00018481 /* GridCollectionViewCell.swift */; };
		8414E4D725FFB18E00A84273 /* StylingUtilities.swift in Sources */ = {isa = PBXBuildFile; fileRef = 8414E4D625FFB18E00A84273 /* StylingUtilities.swift */; };
		841F9EE625F708CD00E4B519 /* ConfirmationUI.swift in Sources */ = {isa = PBXBuildFile; fileRef = 841F9EE525F708CD00E4B519 /* ConfirmationUI.swift */; };
		841F9EEA25F905FB00E4B519 /* Limb.swift in Sources */ = {isa = PBXBuildFile; fileRef = 841F9EE925F905FB00E4B519 /* Limb.swift */; };
		841F9EF025F9B56B00E4B519 /* Injection.swift in Sources */ = {isa = PBXBuildFile; fileRef = 841F9EEF25F9B56B00E4B519 /* Injection.swift */; };
		841F9EF425FA6ADC00E4B519 /* Onboarding.storyboard in Resources */ = {isa = PBXBuildFile; fileRef = 841F9EF325FA6ADC00E4B519 /* Onboarding.storyboard */; };
		841F9EF825FA826600E4B519 /* WalkthroughContentViewController.swift in Sources */ = {isa = PBXBuildFile; fileRef = 841F9EF725FA826600E4B519 /* WalkthroughContentViewController.swift */; };
		841F9EFC25FA97C100E4B519 /* WalkthroughPageViewController.swift in Sources */ = {isa = PBXBuildFile; fileRef = 841F9EFB25FA97C000E4B519 /* WalkthroughPageViewController.swift */; };
		841F9EFF25FA981900E4B519 /* Page.swift in Sources */ = {isa = PBXBuildFile; fileRef = 841F9EFE25FA981900E4B519 /* Page.swift */; };
		8427EA2625FFB7B1003E6FAA /* ValidationUtilities.swift in Sources */ = {isa = PBXBuildFile; fileRef = 8427EA2525FFB7B1003E6FAA /* ValidationUtilities.swift */; };
		842D68F525E544BE0056D963 /* Symptom.storyboard in Resources */ = {isa = PBXBuildFile; fileRef = 842D68F425E544BE0056D963 /* Symptom.storyboard */; };
		842D8025260CB83800A73C98 /* UIImageExtensions.swift in Sources */ = {isa = PBXBuildFile; fileRef = 842D8024260CB83800A73C98 /* UIImageExtensions.swift */; };
		843C05AC262EF15000FFFC2D /* GameController.framework in Frameworks */ = {isa = PBXBuildFile; fileRef = 843C05AB262EF15000FFFC2D /* GameController.framework */; };
		843C05D12630594900FFFC2D /* ArTutorialPageViewController.swift in Sources */ = {isa = PBXBuildFile; fileRef = 843C05D02630594900FFFC2D /* ArTutorialPageViewController.swift */; };
		843C05D52630597700FFFC2D /* ArTutorialContentViewController.swift in Sources */ = {isa = PBXBuildFile; fileRef = 843C05D42630597700FFFC2D /* ArTutorialContentViewController.swift */; };
		843C05D8263059AF00FFFC2D /* ArTutorialViewController.swift in Sources */ = {isa = PBXBuildFile; fileRef = 843C05D7263059AF00FFFC2D /* ArTutorialViewController.swift */; };
		843C05E2263083EE00FFFC2D /* NotificationManager.swift in Sources */ = {isa = PBXBuildFile; fileRef = 843C05E1263083EE00FFFC2D /* NotificationManager.swift */; };
		843C05E52631A3C600FFFC2D /* CellModelEntity.swift in Sources */ = {isa = PBXBuildFile; fileRef = 843C05E42631A3C600FFFC2D /* CellModelEntity.swift */; };
		843C05EE263781D500FFFC2D /* IPIntroViewController.swift in Sources */ = {isa = PBXBuildFile; fileRef = 843C05ED263781D400FFFC2D /* IPIntroViewController.swift */; };
		843C05F126386BE000FFFC2D /* SettingsTableViewController.swift in Sources */ = {isa = PBXBuildFile; fileRef = 843C05F026386BDF00FFFC2D /* SettingsTableViewController.swift */; };
		843C05F4263890F500FFFC2D /* MascotTableViewCell.swift in Sources */ = {isa = PBXBuildFile; fileRef = 843C05F3263890F400FFFC2D /* MascotTableViewCell.swift */; };
		8448884225D6C48200F5FBBA /* SymptomsCollectionViewController.swift in Sources */ = {isa = PBXBuildFile; fileRef = 8448884125D6C48200F5FBBA /* SymptomsCollectionViewController.swift */; };
		8448884525D6C6C900F5FBBA /* SymptomsCollectionReusableView.swift in Sources */ = {isa = PBXBuildFile; fileRef = 8448884425D6C6C900F5FBBA /* SymptomsCollectionReusableView.swift */; };
		8448884825D6E13900F5FBBA /* Note.swift in Sources */ = {isa = PBXBuildFile; fileRef = 8448884725D6E13900F5FBBA /* Note.swift */; };
		8448884B25D7014100F5FBBA /* NotePhotoCollectionViewCell.swift in Sources */ = {isa = PBXBuildFile; fileRef = 8448884A25D7014100F5FBBA /* NotePhotoCollectionViewCell.swift */; };
		845996C325F0325F00AA3233 /* FocusEntity in Frameworks */ = {isa = PBXBuildFile; productRef = 845996C225F0325F00AA3233 /* FocusEntity */; };
		845996C725F11AA100AA3233 /* BottomContainerViewController.swift in Sources */ = {isa = PBXBuildFile; fileRef = 845996C625F11AA100AA3233 /* BottomContainerViewController.swift */; };
		84979F3025B9DFF200578C37 /* AppDelegate.swift in Sources */ = {isa = PBXBuildFile; fileRef = 84979F2F25B9DFF200578C37 /* AppDelegate.swift */; };
		84979F3225B9DFF200578C37 /* art.scnassets in Resources */ = {isa = PBXBuildFile; fileRef = 84979F3125B9DFF200578C37 /* art.scnassets */; };
		84979F3C25B9DFF500578C37 /* LaunchScreen.storyboard in Resources */ = {isa = PBXBuildFile; fileRef = 84979F3A25B9DFF500578C37 /* LaunchScreen.storyboard */; };
		84979F4725BA37E200578C37 /* StatusViewController.swift in Sources */ = {isa = PBXBuildFile; fileRef = 84979F4625BA37E200578C37 /* StatusViewController.swift */; };
		84979F4A25BA3CDC00578C37 /* BCVC+PopoverPresentation.swift in Sources */ = {isa = PBXBuildFile; fileRef = 84979F4925BA3CDC00578C37 /* BCVC+PopoverPresentation.swift */; };
		84979F4F25BA3FE100578C37 /* MascotLoader.swift in Sources */ = {isa = PBXBuildFile; fileRef = 84979F4D25BA3FE100578C37 /* MascotLoader.swift */; };
		84979F5025BA3FE100578C37 /* Mascot.swift in Sources */ = {isa = PBXBuildFile; fileRef = 84979F4E25BA3FE100578C37 /* Mascot.swift */; };
		8499442725FB23F000AFB965 /* circle.swift in Sources */ = {isa = PBXBuildFile; fileRef = 8499442625FB23F000AFB965 /* circle.swift */; };
		8499442A25FB272300AFB965 /* WalkthroughViewController.swift in Sources */ = {isa = PBXBuildFile; fileRef = 8499442925FB272300AFB965 /* WalkthroughViewController.swift */; };
		8499442D25FB2ED400AFB965 /* UIColorExtensions.swift in Sources */ = {isa = PBXBuildFile; fileRef = 8499442C25FB2ED400AFB965 /* UIColorExtensions.swift */; };
		8499443425FBC5AD00AFB965 /* User.swift in Sources */ = {isa = PBXBuildFile; fileRef = 8499443325FBC5AD00AFB965 /* User.swift */; };
		8499443C25FBCD0000AFB965 /* ConsentViewController.swift in Sources */ = {isa = PBXBuildFile; fileRef = 8499443B25FBCD0000AFB965 /* ConsentViewController.swift */; };
		8499443F25FBCDD200AFB965 /* SignupLoginViewController.swift in Sources */ = {isa = PBXBuildFile; fileRef = 8499443E25FBCDD200AFB965 /* SignupLoginViewController.swift */; };
		84A0C4E3261F836300CE52BD /* PretestQuestions.swift in Sources */ = {isa = PBXBuildFile; fileRef = 84A0C4E2261F836300CE52BD /* PretestQuestions.swift */; };
		84A0C4EB2620C22C00CE52BD /* postInjectionVC.swift in Sources */ = {isa = PBXBuildFile; fileRef = 84A0C4EA2620C22C00CE52BD /* postInjectionVC.swift */; };
		84A0C4EF2624D1EA00CE52BD /* InjectionTableViewController.swift in Sources */ = {isa = PBXBuildFile; fileRef = 84A0C4EE2624D1E900CE52BD /* InjectionTableViewController.swift */; };
		84A0F4AE263C30C200B8A68A /* tutorial1.gif in Resources */ = {isa = PBXBuildFile; fileRef = 84A0F4AD263C30C200B8A68A /* tutorial1.gif */; };
		84ACFB1F25BE139000A09F67 /* ARUtilities.swift in Sources */ = {isa = PBXBuildFile; fileRef = 84ACFB1E25BE139000A09F67 /* ARUtilities.swift */; };
		84ACFB2225BE145800A09F67 /* MascotSelectionViewController.swift in Sources */ = {isa = PBXBuildFile; fileRef = 84ACFB2125BE145800A09F67 /* MascotSelectionViewController.swift */; };
		84ACFB3C25BE2DA500A09F67 /* BCVC+MascotSelection.swift in Sources */ = {isa = PBXBuildFile; fileRef = 84ACFB3B25BE2DA500A09F67 /* BCVC+MascotSelection.swift */; };
		84ACFB4225BE2EC400A09F67 /* ARViewController+CoachingOverlay.swift in Sources */ = {isa = PBXBuildFile; fileRef = 84ACFB4125BE2EC400A09F67 /* ARViewController+CoachingOverlay.swift */; };
		84AF3DFC25DACB6D0083E9F0 /* PhotosCollectionView.swift in Sources */ = {isa = PBXBuildFile; fileRef = 84AF3DFB25DACB6C0083E9F0 /* PhotosCollectionView.swift */; };
		84AF3E0325DC3B640083E9F0 /* reminderSettingsViewController.swift in Sources */ = {isa = PBXBuildFile; fileRef = 84AF3E0225DC3B640083E9F0 /* reminderSettingsViewController.swift */; };
		84AF3E0B25DC67300083E9F0 /* AddNewReminderViewController.swift in Sources */ = {isa = PBXBuildFile; fileRef = 84AF3E0A25DC67300083E9F0 /* AddNewReminderViewController.swift */; };
		84AF3E1D25DC84600083E9F0 /* AddNewReminderTableViewCell.swift in Sources */ = {isa = PBXBuildFile; fileRef = 84AF3E1C25DC84600083E9F0 /* AddNewReminderTableViewCell.swift */; };
		84AF3E2025DCBDB90083E9F0 /* Reminder.swift in Sources */ = {isa = PBXBuildFile; fileRef = 84AF3E1F25DCBDB80083E9F0 /* Reminder.swift */; };
		84BBE21525C0BEC60046C24F /* Main.storyboard in Resources */ = {isa = PBXBuildFile; fileRef = 84BBE21425C0BEC60046C24F /* Main.storyboard */; };
		84BBE21A25C0BF700046C24F /* GridCollectionViewController.swift in Sources */ = {isa = PBXBuildFile; fileRef = 84BBE21825C0BF700046C24F /* GridCollectionViewController.swift */; };
		84BBE21B25C0BF700046C24F /* MainViewController.swift in Sources */ = {isa = PBXBuildFile; fileRef = 84BBE21925C0BF700046C24F /* MainViewController.swift */; };
		84BBE22225C0D63F0046C24F /* Calendar.storyboard in Resources */ = {isa = PBXBuildFile; fileRef = 84BBE22125C0D63F0046C24F /* Calendar.storyboard */; };
		84BBE22525C0D9FA0046C24F /* CalendarViewController.swift in Sources */ = {isa = PBXBuildFile; fileRef = 84BBE22425C0D9FA0046C24F /* CalendarViewController.swift */; };
		84BBE22825C0E2A80046C24F /* SymptomsPopupViewController.swift in Sources */ = {isa = PBXBuildFile; fileRef = 84BBE22725C0E2A80046C24F /* SymptomsPopupViewController.swift */; };
		84BBE22B25C10E0C0046C24F /* UIViewExtensions.swift in Sources */ = {isa = PBXBuildFile; fileRef = 84BBE22A25C10E0C0046C24F /* UIViewExtensions.swift */; };
		84BBE22E25C1B46F0046C24F /* DateExtensions.swift in Sources */ = {isa = PBXBuildFile; fileRef = 84BBE22D25C1B46F0046C24F /* DateExtensions.swift */; };
		84BCC83526122D2D0097E0A2 /* PretestViewController.swift in Sources */ = {isa = PBXBuildFile; fileRef = 84BCC83426122D2D0097E0A2 /* PretestViewController.swift */; };
		84BCC84D2614B7440097E0A2 /* TSQM.storyboard in Resources */ = {isa = PBXBuildFile; fileRef = 84BCC84C2614B7440097E0A2 /* TSQM.storyboard */; };
		84BCC8522615F6480097E0A2 /* TSQMViewController.swift in Sources */ = {isa = PBXBuildFile; fileRef = 84BCC8512615F6470097E0A2 /* TSQMViewController.swift */; };
		84BCC8552615F7580097E0A2 /* TSQMquestion.swift in Sources */ = {isa = PBXBuildFile; fileRef = 84BCC8542615F7580097E0A2 /* TSQMquestion.swift */; };
		84BCC858261685E20097E0A2 /* TSQM.swift in Sources */ = {isa = PBXBuildFile; fileRef = 84BCC857261685E20097E0A2 /* TSQM.swift */; };
		84BCC85F261CC07F0097E0A2 /* InjectionPhobiaViewController.swift in Sources */ = {isa = PBXBuildFile; fileRef = 84BCC85E261CC07F0097E0A2 /* InjectionPhobiaViewController.swift */; };
		84BCC862261CC19B0097E0A2 /* InjectionPhobia.swift in Sources */ = {isa = PBXBuildFile; fileRef = 84BCC861261CC19B0097E0A2 /* InjectionPhobia.swift */; };
		84BCC865261CC4C70097E0A2 /* InjectionPhobiaForm.swift in Sources */ = {isa = PBXBuildFile; fileRef = 84BCC864261CC4C70097E0A2 /* InjectionPhobiaForm.swift */; };
		84D4E71C25E6D49200DB75B4 /* PhotoCollectionView.swift in Sources */ = {isa = PBXBuildFile; fileRef = 84D4E71B25E6D49200DB75B4 /* PhotoCollectionView.swift */; };
		84D4E71F25E6E9B200DB75B4 /* FullscreenImageViewController.swift in Sources */ = {isa = PBXBuildFile; fileRef = 84D4E71E25E6E9B200DB75B4 /* FullscreenImageViewController.swift */; };
		84D4E72225E72D7900DB75B4 /* MiniSymptomsCollectionViewCell.swift in Sources */ = {isa = PBXBuildFile; fileRef = 84D4E72125E72D7900DB75B4 /* MiniSymptomsCollectionViewCell.swift */; };
		84D4E72525E7F1F800DB75B4 /* AR.storyboard in Resources */ = {isa = PBXBuildFile; fileRef = 84D4E72425E7F1F800DB75B4 /* AR.storyboard */; };
		84D4E72925E7F6AB00DB75B4 /* ARViewController.swift in Sources */ = {isa = PBXBuildFile; fileRef = 84D4E72825E7F6AB00DB75B4 /* ARViewController.swift */; };
		84D4E73025E812E800DB75B4 /* Robot.usdz in Resources */ = {isa = PBXBuildFile; fileRef = 84D4E72D25E812E700DB75B4 /* Robot.usdz */; };
		84D4E73125E812E800DB75B4 /* Drummer.usdz in Resources */ = {isa = PBXBuildFile; fileRef = 84D4E72E25E812E700DB75B4 /* Drummer.usdz */; };
		84D4E73225E812E800DB75B4 /* Plane.usdz in Resources */ = {isa = PBXBuildFile; fileRef = 84D4E72F25E812E700DB75B4 /* Plane.usdz */; };
		84E50A62263AD5BF00917872 /* ARViewController+Grid.swift in Sources */ = {isa = PBXBuildFile; fileRef = 84E50A61263AD5BF00917872 /* ARViewController+Grid.swift */; };
		84E50A6C263B617200917872 /* tutorial0.gif in Resources */ = {isa = PBXBuildFile; fileRef = 84E50A6B263B617200917872 /* tutorial0.gif */; };
		84F5E79125C4482900EED24C /* Profile.storyboard in Resources */ = {isa = PBXBuildFile; fileRef = 84F5E79025C4482900EED24C /* Profile.storyboard */; };
		84F5E79D25C44BEA00EED24C /* ProfileTableViewController.swift in Sources */ = {isa = PBXBuildFile; fileRef = 84F5E79C25C44BEA00EED24C /* ProfileTableViewController.swift */; };
/* End PBXBuildFile section */

/* Begin PBXFileReference section */
		29CE2308B856F91845E34F83 /* Pods-MSease.release.xcconfig */ = {isa = PBXFileReference; includeInIndex = 1; lastKnownFileType = text.xcconfig; name = "Pods-MSease.release.xcconfig"; path = "Target Support Files/Pods-MSease/Pods-MSease.release.xcconfig"; sourceTree = "<group>"; };
		44A4552385A1D8D2E8ED9AB0 /* Pods-MSease.debug.xcconfig */ = {isa = PBXFileReference; includeInIndex = 1; lastKnownFileType = text.xcconfig; name = "Pods-MSease.debug.xcconfig"; path = "Target Support Files/Pods-MSease/Pods-MSease.debug.xcconfig"; sourceTree = "<group>"; };
		5985A3334A06593A80337851 /* Pods_MSease.framework */ = {isa = PBXFileReference; explicitFileType = wrapper.framework; includeInIndex = 0; path = Pods_MSease.framework; sourceTree = BUILT_PRODUCTS_DIR; };
		8407F69E25D9AF0A0015666A /* NotesTableViewController.swift */ = {isa = PBXFileReference; lastKnownFileType = sourcecode.swift; path = NotesTableViewController.swift; sourceTree = "<group>"; };
		8407F6A125D9B0420015666A /* NotesTableViewCell.swift */ = {isa = PBXFileReference; lastKnownFileType = sourcecode.swift; path = NotesTableViewCell.swift; sourceTree = "<group>"; };
		840C1E5B25D3159700AD339E /* SymptomsCollectionViewCell.swift */ = {isa = PBXFileReference; lastKnownFileType = sourcecode.swift; path = SymptomsCollectionViewCell.swift; sourceTree = "<group>"; };
		840C1E6825D36BED00AD339E /* Symptom.swift */ = {isa = PBXFileReference; lastKnownFileType = sourcecode.swift; path = Symptom.swift; sourceTree = "<group>"; };
		840C1E6D25D36E9400AD339E /* RealmManager.swift */ = {isa = PBXFileReference; lastKnownFileType = sourcecode.swift; path = RealmManager.swift; sourceTree = "<group>"; };
		840CA86C2642DF7C00018481 /* InjectionTableViewCell.swift */ = {isa = PBXFileReference; lastKnownFileType = sourcecode.swift; path = InjectionTableViewCell.swift; sourceTree = "<group>"; };
		840CA86F264305B700018481 /* Gradient.swift */ = {isa = PBXFileReference; lastKnownFileType = sourcecode.swift; path = Gradient.swift; sourceTree = "<group>"; };
		840CA87226445C2A00018481 /* MainTabBarController.swift */ = {isa = PBXFileReference; lastKnownFileType = sourcecode.swift; path = MainTabBarController.swift; sourceTree = "<group>"; };
		840CA87526455E3F00018481 /* TabbarStoryboard.storyboard */ = {isa = PBXFileReference; lastKnownFileType = file.storyboard; path = TabbarStoryboard.storyboard; sourceTree = "<group>"; };
		840CA87926456FDD00018481 /* Assets.xcassets */ = {isa = PBXFileReference; lastKnownFileType = folder.assetcatalog; path = Assets.xcassets; sourceTree = "<group>"; };
		840CA8892645A5A200018481 /* CenterTabBarButton.swift */ = {isa = PBXFileReference; fileEncoding = 4; lastKnownFileType = sourcecode.swift; path = CenterTabBarButton.swift; sourceTree = "<group>"; };
		840CA89626494FED00018481 /* GridCollectionViewCell.swift */ = {isa = PBXFileReference; lastKnownFileType = sourcecode.swift; path = GridCollectionViewCell.swift; sourceTree = "<group>"; };
		8414E4D625FFB18E00A84273 /* StylingUtilities.swift */ = {isa = PBXFileReference; lastKnownFileType = sourcecode.swift; path = StylingUtilities.swift; sourceTree = "<group>"; };
		841F9EE525F708CD00E4B519 /* ConfirmationUI.swift */ = {isa = PBXFileReference; lastKnownFileType = sourcecode.swift; path = ConfirmationUI.swift; sourceTree = "<group>"; };
		841F9EE925F905FB00E4B519 /* Limb.swift */ = {isa = PBXFileReference; lastKnownFileType = sourcecode.swift; path = Limb.swift; sourceTree = "<group>"; };
		841F9EEF25F9B56B00E4B519 /* Injection.swift */ = {isa = PBXFileReference; lastKnownFileType = sourcecode.swift; path = Injection.swift; sourceTree = "<group>"; };
		841F9EF325FA6ADC00E4B519 /* Onboarding.storyboard */ = {isa = PBXFileReference; lastKnownFileType = file.storyboard; path = Onboarding.storyboard; sourceTree = "<group>"; };
		841F9EF725FA826600E4B519 /* WalkthroughContentViewController.swift */ = {isa = PBXFileReference; lastKnownFileType = sourcecode.swift; path = WalkthroughContentViewController.swift; sourceTree = "<group>"; };
		841F9EFB25FA97C000E4B519 /* WalkthroughPageViewController.swift */ = {isa = PBXFileReference; lastKnownFileType = sourcecode.swift; path = WalkthroughPageViewController.swift; sourceTree = "<group>"; };
		841F9EFE25FA981900E4B519 /* Page.swift */ = {isa = PBXFileReference; lastKnownFileType = sourcecode.swift; path = Page.swift; sourceTree = "<group>"; };
		8427EA2525FFB7B1003E6FAA /* ValidationUtilities.swift */ = {isa = PBXFileReference; lastKnownFileType = sourcecode.swift; path = ValidationUtilities.swift; sourceTree = "<group>"; };
		842D68F425E544BE0056D963 /* Symptom.storyboard */ = {isa = PBXFileReference; lastKnownFileType = file.storyboard; path = Symptom.storyboard; sourceTree = "<group>"; };
		842D8024260CB83800A73C98 /* UIImageExtensions.swift */ = {isa = PBXFileReference; lastKnownFileType = sourcecode.swift; path = UIImageExtensions.swift; sourceTree = "<group>"; };
		843C05AB262EF15000FFFC2D /* GameController.framework */ = {isa = PBXFileReference; lastKnownFileType = wrapper.framework; name = GameController.framework; path = System/Library/Frameworks/GameController.framework; sourceTree = SDKROOT; };
		843C05D02630594900FFFC2D /* ArTutorialPageViewController.swift */ = {isa = PBXFileReference; lastKnownFileType = sourcecode.swift; path = ArTutorialPageViewController.swift; sourceTree = "<group>"; };
		843C05D42630597700FFFC2D /* ArTutorialContentViewController.swift */ = {isa = PBXFileReference; lastKnownFileType = sourcecode.swift; path = ArTutorialContentViewController.swift; sourceTree = "<group>"; };
		843C05D7263059AF00FFFC2D /* ArTutorialViewController.swift */ = {isa = PBXFileReference; lastKnownFileType = sourcecode.swift; path = ArTutorialViewController.swift; sourceTree = "<group>"; };
		843C05E1263083EE00FFFC2D /* NotificationManager.swift */ = {isa = PBXFileReference; lastKnownFileType = sourcecode.swift; path = NotificationManager.swift; sourceTree = "<group>"; };
		843C05E42631A3C600FFFC2D /* CellModelEntity.swift */ = {isa = PBXFileReference; lastKnownFileType = sourcecode.swift; path = CellModelEntity.swift; sourceTree = "<group>"; };
		843C05ED263781D400FFFC2D /* IPIntroViewController.swift */ = {isa = PBXFileReference; lastKnownFileType = sourcecode.swift; path = IPIntroViewController.swift; sourceTree = "<group>"; };
		843C05F026386BDF00FFFC2D /* SettingsTableViewController.swift */ = {isa = PBXFileReference; lastKnownFileType = sourcecode.swift; path = SettingsTableViewController.swift; sourceTree = "<group>"; };
		843C05F3263890F400FFFC2D /* MascotTableViewCell.swift */ = {isa = PBXFileReference; lastKnownFileType = sourcecode.swift; path = MascotTableViewCell.swift; sourceTree = "<group>"; };
		8448884125D6C48200F5FBBA /* SymptomsCollectionViewController.swift */ = {isa = PBXFileReference; lastKnownFileType = sourcecode.swift; path = SymptomsCollectionViewController.swift; sourceTree = "<group>"; };
		8448884425D6C6C900F5FBBA /* SymptomsCollectionReusableView.swift */ = {isa = PBXFileReference; lastKnownFileType = sourcecode.swift; path = SymptomsCollectionReusableView.swift; sourceTree = "<group>"; };
		8448884725D6E13900F5FBBA /* Note.swift */ = {isa = PBXFileReference; lastKnownFileType = sourcecode.swift; path = Note.swift; sourceTree = "<group>"; };
		8448884A25D7014100F5FBBA /* NotePhotoCollectionViewCell.swift */ = {isa = PBXFileReference; lastKnownFileType = sourcecode.swift; path = NotePhotoCollectionViewCell.swift; sourceTree = "<group>"; };
		845996C625F11AA100AA3233 /* BottomContainerViewController.swift */ = {isa = PBXFileReference; lastKnownFileType = sourcecode.swift; path = BottomContainerViewController.swift; sourceTree = "<group>"; };
		84979F2C25B9DFF200578C37 /* MSease.app */ = {isa = PBXFileReference; explicitFileType = wrapper.application; includeInIndex = 0; path = MSease.app; sourceTree = BUILT_PRODUCTS_DIR; };
		84979F2F25B9DFF200578C37 /* AppDelegate.swift */ = {isa = PBXFileReference; lastKnownFileType = sourcecode.swift; path = AppDelegate.swift; sourceTree = "<group>"; };
		84979F3125B9DFF200578C37 /* art.scnassets */ = {isa = PBXFileReference; lastKnownFileType = wrapper.scnassets; path = art.scnassets; sourceTree = "<group>"; };
		84979F3B25B9DFF500578C37 /* Base */ = {isa = PBXFileReference; lastKnownFileType = file.storyboard; name = Base; path = Base.lproj/LaunchScreen.storyboard; sourceTree = "<group>"; };
		84979F3D25B9DFF500578C37 /* Info.plist */ = {isa = PBXFileReference; lastKnownFileType = text.plist.xml; path = Info.plist; sourceTree = "<group>"; };
		84979F4625BA37E200578C37 /* StatusViewController.swift */ = {isa = PBXFileReference; fileEncoding = 4; lastKnownFileType = sourcecode.swift; path = StatusViewController.swift; sourceTree = "<group>"; };
		84979F4925BA3CDC00578C37 /* BCVC+PopoverPresentation.swift */ = {isa = PBXFileReference; lastKnownFileType = sourcecode.swift; path = "BCVC+PopoverPresentation.swift"; sourceTree = "<group>"; };
		84979F4D25BA3FE100578C37 /* MascotLoader.swift */ = {isa = PBXFileReference; fileEncoding = 4; lastKnownFileType = sourcecode.swift; path = MascotLoader.swift; sourceTree = "<group>"; };
		84979F4E25BA3FE100578C37 /* Mascot.swift */ = {isa = PBXFileReference; fileEncoding = 4; lastKnownFileType = sourcecode.swift; path = Mascot.swift; sourceTree = "<group>"; };
		8499442625FB23F000AFB965 /* circle.swift */ = {isa = PBXFileReference; lastKnownFileType = sourcecode.swift; path = circle.swift; sourceTree = "<group>"; };
		8499442925FB272300AFB965 /* WalkthroughViewController.swift */ = {isa = PBXFileReference; lastKnownFileType = sourcecode.swift; path = WalkthroughViewController.swift; sourceTree = "<group>"; };
		8499442C25FB2ED400AFB965 /* UIColorExtensions.swift */ = {isa = PBXFileReference; lastKnownFileType = sourcecode.swift; path = UIColorExtensions.swift; sourceTree = "<group>"; };
		8499443325FBC5AD00AFB965 /* User.swift */ = {isa = PBXFileReference; lastKnownFileType = sourcecode.swift; path = User.swift; sourceTree = "<group>"; };
		8499443B25FBCD0000AFB965 /* ConsentViewController.swift */ = {isa = PBXFileReference; lastKnownFileType = sourcecode.swift; path = ConsentViewController.swift; sourceTree = "<group>"; };
		8499443E25FBCDD200AFB965 /* SignupLoginViewController.swift */ = {isa = PBXFileReference; lastKnownFileType = sourcecode.swift; path = SignupLoginViewController.swift; sourceTree = "<group>"; };
		84A0C4E2261F836300CE52BD /* PretestQuestions.swift */ = {isa = PBXFileReference; lastKnownFileType = sourcecode.swift; path = PretestQuestions.swift; sourceTree = "<group>"; };
		84A0C4EA2620C22C00CE52BD /* postInjectionVC.swift */ = {isa = PBXFileReference; lastKnownFileType = sourcecode.swift; path = postInjectionVC.swift; sourceTree = "<group>"; };
		84A0C4EE2624D1E900CE52BD /* InjectionTableViewController.swift */ = {isa = PBXFileReference; lastKnownFileType = sourcecode.swift; path = InjectionTableViewController.swift; sourceTree = "<group>"; };
		84A0F4AD263C30C200B8A68A /* tutorial1.gif */ = {isa = PBXFileReference; lastKnownFileType = image.gif; path = tutorial1.gif; sourceTree = "<group>"; };
		84ACFB1E25BE139000A09F67 /* ARUtilities.swift */ = {isa = PBXFileReference; fileEncoding = 4; lastKnownFileType = sourcecode.swift; path = ARUtilities.swift; sourceTree = "<group>"; };
		84ACFB2125BE145800A09F67 /* MascotSelectionViewController.swift */ = {isa = PBXFileReference; lastKnownFileType = sourcecode.swift; path = MascotSelectionViewController.swift; sourceTree = "<group>"; };
		84ACFB3B25BE2DA500A09F67 /* BCVC+MascotSelection.swift */ = {isa = PBXFileReference; fileEncoding = 4; lastKnownFileType = sourcecode.swift; path = "BCVC+MascotSelection.swift"; sourceTree = "<group>"; };
		84ACFB4125BE2EC400A09F67 /* ARViewController+CoachingOverlay.swift */ = {isa = PBXFileReference; fileEncoding = 4; lastKnownFileType = sourcecode.swift; path = "ARViewController+CoachingOverlay.swift"; sourceTree = "<group>"; };
		84AF3DFB25DACB6C0083E9F0 /* PhotosCollectionView.swift */ = {isa = PBXFileReference; lastKnownFileType = sourcecode.swift; path = PhotosCollectionView.swift; sourceTree = "<group>"; };
		84AF3E0225DC3B640083E9F0 /* reminderSettingsViewController.swift */ = {isa = PBXFileReference; lastKnownFileType = sourcecode.swift; path = reminderSettingsViewController.swift; sourceTree = "<group>"; };
		84AF3E0A25DC67300083E9F0 /* AddNewReminderViewController.swift */ = {isa = PBXFileReference; lastKnownFileType = sourcecode.swift; path = AddNewReminderViewController.swift; sourceTree = "<group>"; };
		84AF3E1C25DC84600083E9F0 /* AddNewReminderTableViewCell.swift */ = {isa = PBXFileReference; fileEncoding = 4; lastKnownFileType = sourcecode.swift; path = AddNewReminderTableViewCell.swift; sourceTree = "<group>"; };
		84AF3E1F25DCBDB80083E9F0 /* Reminder.swift */ = {isa = PBXFileReference; lastKnownFileType = sourcecode.swift; path = Reminder.swift; sourceTree = "<group>"; };
		84BBE21425C0BEC60046C24F /* Main.storyboard */ = {isa = PBXFileReference; lastKnownFileType = file.storyboard; path = Main.storyboard; sourceTree = "<group>"; };
		84BBE21825C0BF700046C24F /* GridCollectionViewController.swift */ = {isa = PBXFileReference; fileEncoding = 4; lastKnownFileType = sourcecode.swift; path = GridCollectionViewController.swift; sourceTree = "<group>"; };
		84BBE21925C0BF700046C24F /* MainViewController.swift */ = {isa = PBXFileReference; fileEncoding = 4; lastKnownFileType = sourcecode.swift; path = MainViewController.swift; sourceTree = "<group>"; };
		84BBE22125C0D63F0046C24F /* Calendar.storyboard */ = {isa = PBXFileReference; lastKnownFileType = file.storyboard; path = Calendar.storyboard; sourceTree = "<group>"; };
		84BBE22425C0D9FA0046C24F /* CalendarViewController.swift */ = {isa = PBXFileReference; lastKnownFileType = sourcecode.swift; path = CalendarViewController.swift; sourceTree = "<group>"; };
		84BBE22725C0E2A80046C24F /* SymptomsPopupViewController.swift */ = {isa = PBXFileReference; lastKnownFileType = sourcecode.swift; path = SymptomsPopupViewController.swift; sourceTree = "<group>"; };
		84BBE22A25C10E0C0046C24F /* UIViewExtensions.swift */ = {isa = PBXFileReference; lastKnownFileType = sourcecode.swift; path = UIViewExtensions.swift; sourceTree = "<group>"; };
		84BBE22D25C1B46F0046C24F /* DateExtensions.swift */ = {isa = PBXFileReference; lastKnownFileType = sourcecode.swift; path = DateExtensions.swift; sourceTree = "<group>"; };
		84BCC83426122D2D0097E0A2 /* PretestViewController.swift */ = {isa = PBXFileReference; lastKnownFileType = sourcecode.swift; path = PretestViewController.swift; sourceTree = "<group>"; };
		84BCC84C2614B7440097E0A2 /* TSQM.storyboard */ = {isa = PBXFileReference; lastKnownFileType = file.storyboard; path = TSQM.storyboard; sourceTree = "<group>"; };
		84BCC8512615F6470097E0A2 /* TSQMViewController.swift */ = {isa = PBXFileReference; lastKnownFileType = sourcecode.swift; path = TSQMViewController.swift; sourceTree = "<group>"; };
		84BCC8542615F7580097E0A2 /* TSQMquestion.swift */ = {isa = PBXFileReference; lastKnownFileType = sourcecode.swift; path = TSQMquestion.swift; sourceTree = "<group>"; };
		84BCC857261685E20097E0A2 /* TSQM.swift */ = {isa = PBXFileReference; lastKnownFileType = sourcecode.swift; path = TSQM.swift; sourceTree = "<group>"; };
		84BCC85E261CC07F0097E0A2 /* InjectionPhobiaViewController.swift */ = {isa = PBXFileReference; lastKnownFileType = sourcecode.swift; path = InjectionPhobiaViewController.swift; sourceTree = "<group>"; };
		84BCC861261CC19B0097E0A2 /* InjectionPhobia.swift */ = {isa = PBXFileReference; lastKnownFileType = sourcecode.swift; path = InjectionPhobia.swift; sourceTree = "<group>"; };
		84BCC864261CC4C70097E0A2 /* InjectionPhobiaForm.swift */ = {isa = PBXFileReference; lastKnownFileType = sourcecode.swift; path = InjectionPhobiaForm.swift; sourceTree = "<group>"; };
		84D4E71B25E6D49200DB75B4 /* PhotoCollectionView.swift */ = {isa = PBXFileReference; lastKnownFileType = sourcecode.swift; path = PhotoCollectionView.swift; sourceTree = "<group>"; };
		84D4E71E25E6E9B200DB75B4 /* FullscreenImageViewController.swift */ = {isa = PBXFileReference; lastKnownFileType = sourcecode.swift; path = FullscreenImageViewController.swift; sourceTree = "<group>"; };
		84D4E72125E72D7900DB75B4 /* MiniSymptomsCollectionViewCell.swift */ = {isa = PBXFileReference; lastKnownFileType = sourcecode.swift; path = MiniSymptomsCollectionViewCell.swift; sourceTree = "<group>"; };
		84D4E72425E7F1F800DB75B4 /* AR.storyboard */ = {isa = PBXFileReference; lastKnownFileType = file.storyboard; path = AR.storyboard; sourceTree = "<group>"; };
		84D4E72825E7F6AB00DB75B4 /* ARViewController.swift */ = {isa = PBXFileReference; lastKnownFileType = sourcecode.swift; path = ARViewController.swift; sourceTree = "<group>"; };
		84D4E72D25E812E700DB75B4 /* Robot.usdz */ = {isa = PBXFileReference; lastKnownFileType = file.usdz; name = Robot.usdz; path = Untitled/Robot.usdz; sourceTree = SOURCE_ROOT; };
		84D4E72E25E812E700DB75B4 /* Drummer.usdz */ = {isa = PBXFileReference; lastKnownFileType = file.usdz; name = Drummer.usdz; path = Untitled/Drummer.usdz; sourceTree = SOURCE_ROOT; };
		84D4E72F25E812E700DB75B4 /* Plane.usdz */ = {isa = PBXFileReference; lastKnownFileType = file.usdz; name = Plane.usdz; path = Untitled/Plane.usdz; sourceTree = SOURCE_ROOT; };
		84E50A61263AD5BF00917872 /* ARViewController+Grid.swift */ = {isa = PBXFileReference; lastKnownFileType = sourcecode.swift; path = "ARViewController+Grid.swift"; sourceTree = "<group>"; };
		84E50A6B263B617200917872 /* tutorial0.gif */ = {isa = PBXFileReference; lastKnownFileType = image.gif; name = tutorial0.gif; path = Untitled/tutorial0.gif; sourceTree = SOURCE_ROOT; };
		84F5E79025C4482900EED24C /* Profile.storyboard */ = {isa = PBXFileReference; lastKnownFileType = file.storyboard; path = Profile.storyboard; sourceTree = "<group>"; };
		84F5E79C25C44BEA00EED24C /* ProfileTableViewController.swift */ = {isa = PBXFileReference; lastKnownFileType = sourcecode.swift; path = ProfileTableViewController.swift; sourceTree = "<group>"; };
/* End PBXFileReference section */

/* Begin PBXFrameworksBuildPhase section */
		84979F2925B9DFF200578C37 /* Frameworks */ = {
			isa = PBXFrameworksBuildPhase;
			buildActionMask = 2147483647;
			files = (
				845996C325F0325F00AA3233 /* FocusEntity in Frameworks */,
				5D21C20DC123E92BD7DCEDF6 /* Pods_MSease.framework in Frameworks */,
				843C05AC262EF15000FFFC2D /* GameController.framework in Frameworks */,
			);
			runOnlyForDeploymentPostprocessing = 0;
		};
/* End PBXFrameworksBuildPhase section */

/* Begin PBXGroup section */
		5D9BB03B6F3DF6062BC62427 /* Frameworks */ = {
			isa = PBXGroup;
			children = (
				843C05AB262EF15000FFFC2D /* GameController.framework */,
				5985A3334A06593A80337851 /* Pods_MSease.framework */,
			);
			name = Frameworks;
			sourceTree = "<group>";
		};
		840C1E6B25D36E1C00AD339E /* Objects */ = {
			isa = PBXGroup;
			children = (
				84BCC861261CC19B0097E0A2 /* InjectionPhobia.swift */,
				841F9EE925F905FB00E4B519 /* Limb.swift */,
				841F9EFE25FA981900E4B519 /* Page.swift */,
				84A0C4E2261F836300CE52BD /* PretestQuestions.swift */,
				840C1E6825D36BED00AD339E /* Symptom.swift */,
				84BCC8542615F7580097E0A2 /* TSQMquestion.swift */,
			);
			path = Objects;
			sourceTree = "<group>";
		};
		840CA8852645821100018481 /* TabBarStoryboard */ = {
			isa = PBXGroup;
			children = (
				840CA8892645A5A200018481 /* CenterTabBarButton.swift */,
				840CA87226445C2A00018481 /* MainTabBarController.swift */,
			);
			path = TabBarStoryboard;
			sourceTree = "<group>";
		};
		841F9EF625FA823C00E4B519 /* OnboardingStoryboard */ = {
			isa = PBXGroup;
			children = (
				84BCC843261371980097E0A2 /* Pretest */,
				8499443B25FBCD0000AFB965 /* ConsentViewController.swift */,
				8499443E25FBCDD200AFB965 /* SignupLoginViewController.swift */,
				841F9EF725FA826600E4B519 /* WalkthroughContentViewController.swift */,
				841F9EFB25FA97C000E4B519 /* WalkthroughPageViewController.swift */,
				8499442925FB272300AFB965 /* WalkthroughViewController.swift */,
			);
			path = OnboardingStoryboard;
			sourceTree = "<group>";
		};
		843C05CF263058DD00FFFC2D /* Tutorial */ = {
			isa = PBXGroup;
			children = (
				843C05D42630597700FFFC2D /* ArTutorialContentViewController.swift */,
				843C05D02630594900FFFC2D /* ArTutorialPageViewController.swift */,
				843C05D7263059AF00FFFC2D /* ArTutorialViewController.swift */,
			);
			path = Tutorial;
			sourceTree = "<group>";
		};
		845996CC25F12A5700AA3233 /* Bottom Container  */ = {
			isa = PBXGroup;
			children = (
				845996C625F11AA100AA3233 /* BottomContainerViewController.swift */,
				84979F4925BA3CDC00578C37 /* BCVC+PopoverPresentation.swift */,
				84ACFB3B25BE2DA500A09F67 /* BCVC+MascotSelection.swift */,
				84ACFB2125BE145800A09F67 /* MascotSelectionViewController.swift */,
			);
			path = "Bottom Container ";
			sourceTree = "<group>";
		};
		8488B99F260159C6003B7B95 /* Realm Objects */ = {
			isa = PBXGroup;
			children = (
				8499443325FBC5AD00AFB965 /* User.swift */,
				84AF3E1F25DCBDB80083E9F0 /* Reminder.swift */,
				8448884725D6E13900F5FBBA /* Note.swift */,
				841F9EEF25F9B56B00E4B519 /* Injection.swift */,
				84BCC857261685E20097E0A2 /* TSQM.swift */,
				84BCC864261CC4C70097E0A2 /* InjectionPhobiaForm.swift */,
			);
			path = "Realm Objects";
			sourceTree = "<group>";
		};
		84979F2325B9DFF200578C37 = {
			isa = PBXGroup;
			children = (
				84979F2E25B9DFF200578C37 /* MSease */,
				84979F2D25B9DFF200578C37 /* Products */,
				AC14FAEF5471E8FF75A12B90 /* Pods */,
				5D9BB03B6F3DF6062BC62427 /* Frameworks */,
			);
			sourceTree = "<group>";
		};
		84979F2D25B9DFF200578C37 /* Products */ = {
			isa = PBXGroup;
			children = (
				84979F2C25B9DFF200578C37 /* MSease.app */,
			);
			name = Products;
			sourceTree = "<group>";
		};
		84979F2E25B9DFF200578C37 /* MSease */ = {
			isa = PBXGroup;
			children = (
				840CA8852645821100018481 /* TabBarStoryboard */,
				84A0F4B32640608600B8A68A /* SymptomStoryboard */,
				84A0F4AD263C30C200B8A68A /* tutorial1.gif */,
				84E50A6B263B617200917872 /* tutorial0.gif */,
				8488B99F260159C6003B7B95 /* Realm Objects */,
				841F9EF625FA823C00E4B519 /* OnboardingStoryboard */,
				84D4E72725E7F67C00DB75B4 /* ARStoryboard */,
				84F5E79625C44A2C00EED24C /* CalendarStoryboard */,
				84AF3E1025DC68720083E9F0 /* MainStoryboard */,
				84AF3E0E25DC67BE0083E9F0 /* ProfileStoryboard */,
				840C1E6B25D36E1C00AD339E /* Objects */,
				84BCC84F2614E6DD0097E0A2 /* TSQMStoryboard */,
				84ACFB1D25BE139000A09F67 /* Utilities */,
				84979F4425B9E31200578C37 /* Resources */,
				84979F2F25B9DFF200578C37 /* AppDelegate.swift */,
				840C1E6D25D36E9400AD339E /* RealmManager.swift */,
				843C05E1263083EE00FFFC2D /* NotificationManager.swift */,
			);
			path = MSease;
			sourceTree = "<group>";
		};
		84979F4425B9E31200578C37 /* Resources */ = {
			isa = PBXGroup;
			children = (
				840CA87926456FDD00018481 /* Assets.xcassets */,
				84D4E72C25E812CC00DB75B4 /* Models */,
				84979F3125B9DFF200578C37 /* art.scnassets */,
				84F5E79325C4483500EED24C /* Storyboards */,
				84979F3D25B9DFF500578C37 /* Info.plist */,
			);
			path = Resources;
			sourceTree = "<group>";
		};
		84A0C4E62620770A00CE52BD /* Post Injection */ = {
			isa = PBXGroup;
			children = (
				84A0C4EA2620C22C00CE52BD /* postInjectionVC.swift */,
			);
			path = "Post Injection";
			sourceTree = "<group>";
		};
		84A0C4ED2624D19900CE52BD /* Injection Journal */ = {
			isa = PBXGroup;
			children = (
				84A0C4EE2624D1E900CE52BD /* InjectionTableViewController.swift */,
			);
			path = "Injection Journal";
			sourceTree = "<group>";
		};
		84A0F4B32640608600B8A68A /* SymptomStoryboard */ = {
			isa = PBXGroup;
			children = (
				84A0C4ED2624D19900CE52BD /* Injection Journal */,
			);
			path = SymptomStoryboard;
			sourceTree = "<group>";
		};
		84ACFB1D25BE139000A09F67 /* Utilities */ = {
			isa = PBXGroup;
			children = (
				8499442625FB23F000AFB965 /* circle.swift */,
				84ACFB1E25BE139000A09F67 /* ARUtilities.swift */,
				8414E4D625FFB18E00A84273 /* StylingUtilities.swift */,
				8427EA2525FFB7B1003E6FAA /* ValidationUtilities.swift */,
				84BBE22D25C1B46F0046C24F /* DateExtensions.swift */,
				8499442C25FB2ED400AFB965 /* UIColorExtensions.swift */,
				842D8024260CB83800A73C98 /* UIImageExtensions.swift */,
				84BBE22A25C10E0C0046C24F /* UIViewExtensions.swift */,
				840CA86F264305B700018481 /* Gradient.swift */,
			);
			path = Utilities;
			sourceTree = "<group>";
		};
		84AF3E0E25DC67BE0083E9F0 /* ProfileStoryboard */ = {
			isa = PBXGroup;
			children = (
				84AF3E1C25DC84600083E9F0 /* AddNewReminderTableViewCell.swift */,
				84AF3E0A25DC67300083E9F0 /* AddNewReminderViewController.swift */,
				84F5E79C25C44BEA00EED24C /* ProfileTableViewController.swift */,
				84AF3E0225DC3B640083E9F0 /* reminderSettingsViewController.swift */,
				843C05F026386BDF00FFFC2D /* SettingsTableViewController.swift */,
				843C05F3263890F400FFFC2D /* MascotTableViewCell.swift */,
			);
			path = ProfileStoryboard;
			sourceTree = "<group>";
		};
		84AF3E1025DC68720083E9F0 /* MainStoryboard */ = {
			isa = PBXGroup;
			children = (
				840CA89626494FED00018481 /* GridCollectionViewCell.swift */,
				84BBE21825C0BF700046C24F /* GridCollectionViewController.swift */,
				84BBE21925C0BF700046C24F /* MainViewController.swift */,
			);
			path = MainStoryboard;
			sourceTree = "<group>";
		};
		84BCC843261371980097E0A2 /* Pretest */ = {
			isa = PBXGroup;
			children = (
				84BCC83426122D2D0097E0A2 /* PretestViewController.swift */,
			);
			path = Pretest;
			sourceTree = "<group>";
		};
		84BCC84F2614E6DD0097E0A2 /* TSQMStoryboard */ = {
			isa = PBXGroup;
			children = (
				84BCC8512615F6470097E0A2 /* TSQMViewController.swift */,
				84BCC85E261CC07F0097E0A2 /* InjectionPhobiaViewController.swift */,
				843C05ED263781D400FFFC2D /* IPIntroViewController.swift */,
			);
			path = TSQMStoryboard;
			sourceTree = "<group>";
		};
		84D4E72725E7F67C00DB75B4 /* ARStoryboard */ = {
			isa = PBXGroup;
			children = (
				845996CC25F12A5700AA3233 /* Bottom Container  */,
				843C05CF263058DD00FFFC2D /* Tutorial */,
				84A0C4E62620770A00CE52BD /* Post Injection */,
				84D4E72825E7F6AB00DB75B4 /* ARViewController.swift */,
				84ACFB4125BE2EC400A09F67 /* ARViewController+CoachingOverlay.swift */,
				84E50A61263AD5BF00917872 /* ARViewController+Grid.swift */,
				841F9EE525F708CD00E4B519 /* ConfirmationUI.swift */,
				84979F4E25BA3FE100578C37 /* Mascot.swift */,
				84979F4D25BA3FE100578C37 /* MascotLoader.swift */,
				84979F4625BA37E200578C37 /* StatusViewController.swift */,
				843C05E42631A3C600FFFC2D /* CellModelEntity.swift */,
			);
			path = ARStoryboard;
			sourceTree = "<group>";
		};
		84D4E72C25E812CC00DB75B4 /* Models */ = {
			isa = PBXGroup;
			children = (
				84D4E72F25E812E700DB75B4 /* Plane.usdz */,
				84D4E72E25E812E700DB75B4 /* Drummer.usdz */,
				84D4E72D25E812E700DB75B4 /* Robot.usdz */,
			);
			path = Models;
			sourceTree = "<group>";
		};
		84F5E79325C4483500EED24C /* Storyboards */ = {
			isa = PBXGroup;
			children = (
				84D4E72425E7F1F800DB75B4 /* AR.storyboard */,
				84BBE22125C0D63F0046C24F /* Calendar.storyboard */,
				84979F3A25B9DFF500578C37 /* LaunchScreen.storyboard */,
				84BBE21425C0BEC60046C24F /* Main.storyboard */,
				841F9EF325FA6ADC00E4B519 /* Onboarding.storyboard */,
				84F5E79025C4482900EED24C /* Profile.storyboard */,
				842D68F425E544BE0056D963 /* Symptom.storyboard */,
				84BCC84C2614B7440097E0A2 /* TSQM.storyboard */,
				840CA87526455E3F00018481 /* TabbarStoryboard.storyboard */,
			);
			path = Storyboards;
			sourceTree = "<group>";
		};
		84F5E79625C44A2C00EED24C /* CalendarStoryboard */ = {
			isa = PBXGroup;
			children = (
				84BBE22425C0D9FA0046C24F /* CalendarViewController.swift */,
				84BBE22725C0E2A80046C24F /* SymptomsPopupViewController.swift */,
				840C1E5B25D3159700AD339E /* SymptomsCollectionViewCell.swift */,
				8448884125D6C48200F5FBBA /* SymptomsCollectionViewController.swift */,
				8448884425D6C6C900F5FBBA /* SymptomsCollectionReusableView.swift */,
				8448884A25D7014100F5FBBA /* NotePhotoCollectionViewCell.swift */,
				8407F69E25D9AF0A0015666A /* NotesTableViewController.swift */,
				8407F6A125D9B0420015666A /* NotesTableViewCell.swift */,
				84AF3DFB25DACB6C0083E9F0 /* PhotosCollectionView.swift */,
				84D4E71B25E6D49200DB75B4 /* PhotoCollectionView.swift */,
				84D4E71E25E6E9B200DB75B4 /* FullscreenImageViewController.swift */,
				84D4E72125E72D7900DB75B4 /* MiniSymptomsCollectionViewCell.swift */,
				840CA86C2642DF7C00018481 /* InjectionTableViewCell.swift */,
			);
			path = CalendarStoryboard;
			sourceTree = "<group>";
		};
		AC14FAEF5471E8FF75A12B90 /* Pods */ = {
			isa = PBXGroup;
			children = (
				44A4552385A1D8D2E8ED9AB0 /* Pods-MSease.debug.xcconfig */,
				29CE2308B856F91845E34F83 /* Pods-MSease.release.xcconfig */,
			);
			path = Pods;
			sourceTree = "<group>";
		};
/* End PBXGroup section */

/* Begin PBXNativeTarget section */
		84979F2B25B9DFF200578C37 /* MSease */ = {
			isa = PBXNativeTarget;
			buildConfigurationList = 84979F4025B9DFF500578C37 /* Build configuration list for PBXNativeTarget "MSease" */;
			buildPhases = (
				73A37E3CE251C001A764C48C /* [CP] Check Pods Manifest.lock */,
				84979F2825B9DFF200578C37 /* Sources */,
				84979F2925B9DFF200578C37 /* Frameworks */,
				84979F2A25B9DFF200578C37 /* Resources */,
				05143D335F4508FA63965640 /* [CP] Embed Pods Frameworks */,
			);
			buildRules = (
			);
			dependencies = (
			);
			name = MSease;
			packageProductDependencies = (
				845996C225F0325F00AA3233 /* FocusEntity */,
			);
			productName = MSease;
			productReference = 84979F2C25B9DFF200578C37 /* MSease.app */;
			productType = "com.apple.product-type.application";
		};
/* End PBXNativeTarget section */

/* Begin PBXProject section */
		84979F2425B9DFF200578C37 /* Project object */ = {
			isa = PBXProject;
			attributes = {
				LastSwiftUpdateCheck = 1230;
				LastUpgradeCheck = 1230;
				TargetAttributes = {
					84979F2B25B9DFF200578C37 = {
						CreatedOnToolsVersion = 12.3;
					};
				};
			};
			buildConfigurationList = 84979F2725B9DFF200578C37 /* Build configuration list for PBXProject "MSease" */;
			compatibilityVersion = "Xcode 9.3";
			developmentRegion = en;
			hasScannedForEncodings = 0;
			knownRegions = (
				en,
				Base,
			);
			mainGroup = 84979F2325B9DFF200578C37;
			packageReferences = (
				845996C125F0325F00AA3233 /* XCRemoteSwiftPackageReference "FocusEntity" */,
			);
			productRefGroup = 84979F2D25B9DFF200578C37 /* Products */;
			projectDirPath = "";
			projectRoot = "";
			targets = (
				84979F2B25B9DFF200578C37 /* MSease */,
			);
		};
/* End PBXProject section */

/* Begin PBXResourcesBuildPhase section */
		84979F2A25B9DFF200578C37 /* Resources */ = {
			isa = PBXResourcesBuildPhase;
			buildActionMask = 2147483647;
			files = (
				84A0F4AE263C30C200B8A68A /* tutorial1.gif in Resources */,
				84D4E73125E812E800DB75B4 /* Drummer.usdz in Resources */,
				84BBE22225C0D63F0046C24F /* Calendar.storyboard in Resources */,
				84979F3225B9DFF200578C37 /* art.scnassets in Resources */,
				841F9EF425FA6ADC00E4B519 /* Onboarding.storyboard in Resources */,
				842D68F525E544BE0056D963 /* Symptom.storyboard in Resources */,
				84979F3C25B9DFF500578C37 /* LaunchScreen.storyboard in Resources */,
				840CA87626455E4000018481 /* TabbarStoryboard.storyboard in Resources */,
				84BCC84D2614B7440097E0A2 /* TSQM.storyboard in Resources */,
				84D4E73225E812E800DB75B4 /* Plane.usdz in Resources */,
				84D4E73025E812E800DB75B4 /* Robot.usdz in Resources */,
				84E50A6C263B617200917872 /* tutorial0.gif in Resources */,
				84F5E79125C4482900EED24C /* Profile.storyboard in Resources */,
				84BBE21525C0BEC60046C24F /* Main.storyboard in Resources */,
				840CA87A26456FDE00018481 /* Assets.xcassets in Resources */,
				84D4E72525E7F1F800DB75B4 /* AR.storyboard in Resources */,
			);
			runOnlyForDeploymentPostprocessing = 0;
		};
/* End PBXResourcesBuildPhase section */

/* Begin PBXShellScriptBuildPhase section */
		05143D335F4508FA63965640 /* [CP] Embed Pods Frameworks */ = {
			isa = PBXShellScriptBuildPhase;
			buildActionMask = 2147483647;
			files = (
			);
			inputFileListPaths = (
				"${PODS_ROOT}/Target Support Files/Pods-MSease/Pods-MSease-frameworks-${CONFIGURATION}-input-files.xcfilelist",
			);
			name = "[CP] Embed Pods Frameworks";
			outputFileListPaths = (
				"${PODS_ROOT}/Target Support Files/Pods-MSease/Pods-MSease-frameworks-${CONFIGURATION}-output-files.xcfilelist",
			);
			runOnlyForDeploymentPostprocessing = 0;
			shellPath = /bin/sh;
			shellScript = "\"${PODS_ROOT}/Target Support Files/Pods-MSease/Pods-MSease-frameworks.sh\"\n";
			showEnvVarsInLog = 0;
		};
		73A37E3CE251C001A764C48C /* [CP] Check Pods Manifest.lock */ = {
			isa = PBXShellScriptBuildPhase;
			buildActionMask = 2147483647;
			files = (
			);
			inputFileListPaths = (
			);
			inputPaths = (
				"${PODS_PODFILE_DIR_PATH}/Podfile.lock",
				"${PODS_ROOT}/Manifest.lock",
			);
			name = "[CP] Check Pods Manifest.lock";
			outputFileListPaths = (
			);
			outputPaths = (
				"$(DERIVED_FILE_DIR)/Pods-MSease-checkManifestLockResult.txt",
			);
			runOnlyForDeploymentPostprocessing = 0;
			shellPath = /bin/sh;
			shellScript = "diff \"${PODS_PODFILE_DIR_PATH}/Podfile.lock\" \"${PODS_ROOT}/Manifest.lock\" > /dev/null\nif [ $? != 0 ] ; then\n    # print error to STDERR\n    echo \"error: The sandbox is not in sync with the Podfile.lock. Run 'pod install' or update your CocoaPods installation.\" >&2\n    exit 1\nfi\n# This output is used by Xcode 'outputs' to avoid re-running this script phase.\necho \"SUCCESS\" > \"${SCRIPT_OUTPUT_FILE_0}\"\n";
			showEnvVarsInLog = 0;
		};
/* End PBXShellScriptBuildPhase section */

/* Begin PBXSourcesBuildPhase section */
		84979F2825B9DFF200578C37 /* Sources */ = {
			isa = PBXSourcesBuildPhase;
			buildActionMask = 2147483647;
			files = (
				84BBE22825C0E2A80046C24F /* SymptomsPopupViewController.swift in Sources */,
				843C05D52630597700FFFC2D /* ArTutorialContentViewController.swift in Sources */,
				840CA87326445C2D00018481 /* MainTabBarController.swift in Sources */,
				840C1E6925D36BED00AD339E /* Symptom.swift in Sources */,
				84ACFB3C25BE2DA500A09F67 /* BCVC+MascotSelection.swift in Sources */,
				845996C725F11AA100AA3233 /* BottomContainerViewController.swift in Sources */,
				8448884825D6E13900F5FBBA /* Note.swift in Sources */,
				8499442D25FB2ED400AFB965 /* UIColorExtensions.swift in Sources */,
				84BCC8522615F6480097E0A2 /* TSQMViewController.swift in Sources */,
				84AF3E1D25DC84600083E9F0 /* AddNewReminderTableViewCell.swift in Sources */,
				8499442725FB23F000AFB965 /* circle.swift in Sources */,
				841F9EF025F9B56B00E4B519 /* Injection.swift in Sources */,
				8448884B25D7014100F5FBBA /* NotePhotoCollectionViewCell.swift in Sources */,
				84BBE22E25C1B46F0046C24F /* DateExtensions.swift in Sources */,
				841F9EF825FA826600E4B519 /* WalkthroughContentViewController.swift in Sources */,
				8407F69F25D9AF0A0015666A /* NotesTableViewController.swift in Sources */,
				84D4E71C25E6D49200DB75B4 /* PhotoCollectionView.swift in Sources */,
				841F9EE625F708CD00E4B519 /* ConfirmationUI.swift in Sources */,
				84E50A62263AD5BF00917872 /* ARViewController+Grid.swift in Sources */,
				84A0C4EF2624D1EA00CE52BD /* InjectionTableViewController.swift in Sources */,
				84BCC85F261CC07F0097E0A2 /* InjectionPhobiaViewController.swift in Sources */,
				84AF3E0325DC3B640083E9F0 /* reminderSettingsViewController.swift in Sources */,
				84F5E79D25C44BEA00EED24C /* ProfileTableViewController.swift in Sources */,
				84979F4725BA37E200578C37 /* StatusViewController.swift in Sources */,
				843C05EE263781D500FFFC2D /* IPIntroViewController.swift in Sources */,
				84AF3E0B25DC67300083E9F0 /* AddNewReminderViewController.swift in Sources */,
				843C05F4263890F500FFFC2D /* MascotTableViewCell.swift in Sources */,
				8499443425FBC5AD00AFB965 /* User.swift in Sources */,
				84ACFB2225BE145800A09F67 /* MascotSelectionViewController.swift in Sources */,
				843C05D12630594900FFFC2D /* ArTutorialPageViewController.swift in Sources */,
				843C05E52631A3C600FFFC2D /* CellModelEntity.swift in Sources */,
				84ACFB4225BE2EC400A09F67 /* ARViewController+CoachingOverlay.swift in Sources */,
				84BCC858261685E20097E0A2 /* TSQM.swift in Sources */,
				8499442A25FB272300AFB965 /* WalkthroughViewController.swift in Sources */,
				843C05D8263059AF00FFFC2D /* ArTutorialViewController.swift in Sources */,
				84AF3E2025DCBDB90083E9F0 /* Reminder.swift in Sources */,
				84BCC862261CC19B0097E0A2 /* InjectionPhobia.swift in Sources */,
				84D4E71F25E6E9B200DB75B4 /* FullscreenImageViewController.swift in Sources */,
				8448884525D6C6C900F5FBBA /* SymptomsCollectionReusableView.swift in Sources */,
				84BCC83526122D2D0097E0A2 /* PretestViewController.swift in Sources */,
				841F9EFC25FA97C100E4B519 /* WalkthroughPageViewController.swift in Sources */,
				84D4E72925E7F6AB00DB75B4 /* ARViewController.swift in Sources */,
				84979F5025BA3FE100578C37 /* Mascot.swift in Sources */,
				8414E4D725FFB18E00A84273 /* StylingUtilities.swift in Sources */,
				84BBE21A25C0BF700046C24F /* GridCollectionViewController.swift in Sources */,
				840C1E5C25D3159700AD339E /* SymptomsCollectionViewCell.swift in Sources */,
				843C05F126386BE000FFFC2D /* SettingsTableViewController.swift in Sources */,
				842D8025260CB83800A73C98 /* UIImageExtensions.swift in Sources */,
				840CA89726494FEE00018481 /* GridCollectionViewCell.swift in Sources */,
				840C1E6E25D36E9400AD339E /* RealmManager.swift in Sources */,
				84BBE22525C0D9FA0046C24F /* CalendarViewController.swift in Sources */,
				84BBE22B25C10E0C0046C24F /* UIViewExtensions.swift in Sources */,
				840CA86D2642DF7C00018481 /* InjectionTableViewCell.swift in Sources */,
				84979F4F25BA3FE100578C37 /* MascotLoader.swift in Sources */,
				843C05E2263083EE00FFFC2D /* NotificationManager.swift in Sources */,
				8499443C25FBCD0000AFB965 /* ConsentViewController.swift in Sources */,
				84AF3DFC25DACB6D0083E9F0 /* PhotosCollectionView.swift in Sources */,
				84A0C4EB2620C22C00CE52BD /* postInjectionVC.swift in Sources */,
				84979F4A25BA3CDC00578C37 /* BCVC+PopoverPresentation.swift in Sources */,
				84A0C4E3261F836300CE52BD /* PretestQuestions.swift in Sources */,
				84BCC8552615F7580097E0A2 /* TSQMquestion.swift in Sources */,
				840CA870264305B900018481 /* Gradient.swift in Sources */,
				8407F6A225D9B0420015666A /* NotesTableViewCell.swift in Sources */,
				841F9EFF25FA981900E4B519 /* Page.swift in Sources */,
				84BCC865261CC4C70097E0A2 /* InjectionPhobiaForm.swift in Sources */,
				841F9EEA25F905FB00E4B519 /* Limb.swift in Sources */,
				84979F3025B9DFF200578C37 /* AppDelegate.swift in Sources */,
				8499443F25FBCDD200AFB965 /* SignupLoginViewController.swift in Sources */,
				84ACFB1F25BE139000A09F67 /* ARUtilities.swift in Sources */,
				84BBE21B25C0BF700046C24F /* MainViewController.swift in Sources */,
				840CA88A2645A5A300018481 /* CenterTabBarButton.swift in Sources */,
				8427EA2625FFB7B1003E6FAA /* ValidationUtilities.swift in Sources */,
				84D4E72225E72D7900DB75B4 /* MiniSymptomsCollectionViewCell.swift in Sources */,
				8448884225D6C48200F5FBBA /* SymptomsCollectionViewController.swift in Sources */,
			);
			runOnlyForDeploymentPostprocessing = 0;
		};
/* End PBXSourcesBuildPhase section */

/* Begin PBXVariantGroup section */
		84979F3A25B9DFF500578C37 /* LaunchScreen.storyboard */ = {
			isa = PBXVariantGroup;
			children = (
				84979F3B25B9DFF500578C37 /* Base */,
			);
			name = LaunchScreen.storyboard;
			sourceTree = "<group>";
		};
/* End PBXVariantGroup section */

/* Begin XCBuildConfiguration section */
		84979F3E25B9DFF500578C37 /* Debug */ = {
			isa = XCBuildConfiguration;
			buildSettings = {
				ALWAYS_SEARCH_USER_PATHS = NO;
				CLANG_ANALYZER_NONNULL = YES;
				CLANG_ANALYZER_NUMBER_OBJECT_CONVERSION = YES_AGGRESSIVE;
				CLANG_CXX_LANGUAGE_STANDARD = "gnu++14";
				CLANG_CXX_LIBRARY = "libc++";
				CLANG_ENABLE_MODULES = YES;
				CLANG_ENABLE_OBJC_ARC = YES;
				CLANG_ENABLE_OBJC_WEAK = YES;
				CLANG_WARN_BLOCK_CAPTURE_AUTORELEASING = YES;
				CLANG_WARN_BOOL_CONVERSION = YES;
				CLANG_WARN_COMMA = YES;
				CLANG_WARN_CONSTANT_CONVERSION = YES;
				CLANG_WARN_DEPRECATED_OBJC_IMPLEMENTATIONS = YES;
				CLANG_WARN_DIRECT_OBJC_ISA_USAGE = YES_ERROR;
				CLANG_WARN_DOCUMENTATION_COMMENTS = YES;
				CLANG_WARN_EMPTY_BODY = YES;
				CLANG_WARN_ENUM_CONVERSION = YES;
				CLANG_WARN_INFINITE_RECURSION = YES;
				CLANG_WARN_INT_CONVERSION = YES;
				CLANG_WARN_NON_LITERAL_NULL_CONVERSION = YES;
				CLANG_WARN_OBJC_IMPLICIT_RETAIN_SELF = YES;
				CLANG_WARN_OBJC_LITERAL_CONVERSION = YES;
				CLANG_WARN_OBJC_ROOT_CLASS = YES_ERROR;
				CLANG_WARN_QUOTED_INCLUDE_IN_FRAMEWORK_HEADER = YES;
				CLANG_WARN_RANGE_LOOP_ANALYSIS = YES;
				CLANG_WARN_STRICT_PROTOTYPES = YES;
				CLANG_WARN_SUSPICIOUS_MOVE = YES;
				CLANG_WARN_UNGUARDED_AVAILABILITY = YES_AGGRESSIVE;
				CLANG_WARN_UNREACHABLE_CODE = YES;
				CLANG_WARN__DUPLICATE_METHOD_MATCH = YES;
				COPY_PHASE_STRIP = NO;
				DEBUG_INFORMATION_FORMAT = dwarf;
				ENABLE_STRICT_OBJC_MSGSEND = YES;
				ENABLE_TESTABILITY = YES;
				GCC_C_LANGUAGE_STANDARD = gnu11;
				GCC_DYNAMIC_NO_PIC = NO;
				GCC_NO_COMMON_BLOCKS = YES;
				GCC_OPTIMIZATION_LEVEL = 0;
				GCC_PREPROCESSOR_DEFINITIONS = (
					"DEBUG=1",
					"$(inherited)",
				);
				GCC_WARN_64_TO_32_BIT_CONVERSION = YES;
				GCC_WARN_ABOUT_RETURN_TYPE = YES_ERROR;
				GCC_WARN_UNDECLARED_SELECTOR = YES;
				GCC_WARN_UNINITIALIZED_AUTOS = YES_AGGRESSIVE;
				GCC_WARN_UNUSED_FUNCTION = YES;
				GCC_WARN_UNUSED_VARIABLE = YES;
				IPHONEOS_DEPLOYMENT_TARGET = 14.3;
				MTL_ENABLE_DEBUG_INFO = INCLUDE_SOURCE;
				MTL_FAST_MATH = YES;
				ONLY_ACTIVE_ARCH = YES;
				SDKROOT = iphoneos;
				SWIFT_ACTIVE_COMPILATION_CONDITIONS = DEBUG;
				SWIFT_OPTIMIZATION_LEVEL = "-Onone";
			};
			name = Debug;
		};
		84979F3F25B9DFF500578C37 /* Release */ = {
			isa = XCBuildConfiguration;
			buildSettings = {
				ALWAYS_SEARCH_USER_PATHS = NO;
				CLANG_ANALYZER_NONNULL = YES;
				CLANG_ANALYZER_NUMBER_OBJECT_CONVERSION = YES_AGGRESSIVE;
				CLANG_CXX_LANGUAGE_STANDARD = "gnu++14";
				CLANG_CXX_LIBRARY = "libc++";
				CLANG_ENABLE_MODULES = YES;
				CLANG_ENABLE_OBJC_ARC = YES;
				CLANG_ENABLE_OBJC_WEAK = YES;
				CLANG_WARN_BLOCK_CAPTURE_AUTORELEASING = YES;
				CLANG_WARN_BOOL_CONVERSION = YES;
				CLANG_WARN_COMMA = YES;
				CLANG_WARN_CONSTANT_CONVERSION = YES;
				CLANG_WARN_DEPRECATED_OBJC_IMPLEMENTATIONS = YES;
				CLANG_WARN_DIRECT_OBJC_ISA_USAGE = YES_ERROR;
				CLANG_WARN_DOCUMENTATION_COMMENTS = YES;
				CLANG_WARN_EMPTY_BODY = YES;
				CLANG_WARN_ENUM_CONVERSION = YES;
				CLANG_WARN_INFINITE_RECURSION = YES;
				CLANG_WARN_INT_CONVERSION = YES;
				CLANG_WARN_NON_LITERAL_NULL_CONVERSION = YES;
				CLANG_WARN_OBJC_IMPLICIT_RETAIN_SELF = YES;
				CLANG_WARN_OBJC_LITERAL_CONVERSION = YES;
				CLANG_WARN_OBJC_ROOT_CLASS = YES_ERROR;
				CLANG_WARN_QUOTED_INCLUDE_IN_FRAMEWORK_HEADER = YES;
				CLANG_WARN_RANGE_LOOP_ANALYSIS = YES;
				CLANG_WARN_STRICT_PROTOTYPES = YES;
				CLANG_WARN_SUSPICIOUS_MOVE = YES;
				CLANG_WARN_UNGUARDED_AVAILABILITY = YES_AGGRESSIVE;
				CLANG_WARN_UNREACHABLE_CODE = YES;
				CLANG_WARN__DUPLICATE_METHOD_MATCH = YES;
				COPY_PHASE_STRIP = NO;
				DEBUG_INFORMATION_FORMAT = "dwarf-with-dsym";
				ENABLE_NS_ASSERTIONS = NO;
				ENABLE_STRICT_OBJC_MSGSEND = YES;
				GCC_C_LANGUAGE_STANDARD = gnu11;
				GCC_NO_COMMON_BLOCKS = YES;
				GCC_WARN_64_TO_32_BIT_CONVERSION = YES;
				GCC_WARN_ABOUT_RETURN_TYPE = YES_ERROR;
				GCC_WARN_UNDECLARED_SELECTOR = YES;
				GCC_WARN_UNINITIALIZED_AUTOS = YES_AGGRESSIVE;
				GCC_WARN_UNUSED_FUNCTION = YES;
				GCC_WARN_UNUSED_VARIABLE = YES;
				IPHONEOS_DEPLOYMENT_TARGET = 14.3;
				MTL_ENABLE_DEBUG_INFO = NO;
				MTL_FAST_MATH = YES;
				SDKROOT = iphoneos;
				SWIFT_COMPILATION_MODE = wholemodule;
				SWIFT_OPTIMIZATION_LEVEL = "-O";
				VALIDATE_PRODUCT = YES;
			};
			name = Release;
		};
		84979F4125B9DFF500578C37 /* Debug */ = {
			isa = XCBuildConfiguration;
			baseConfigurationReference = 44A4552385A1D8D2E8ED9AB0 /* Pods-MSease.debug.xcconfig */;
			buildSettings = {
				ASSETCATALOG_COMPILER_APPICON_NAME = AppIcon;
				ASSETCATALOG_COMPILER_GLOBAL_ACCENT_COLOR_NAME = AccentColor;
				CODE_SIGN_STYLE = Automatic;
				CURRENT_PROJECT_VERSION = 2;
				DEVELOPMENT_TEAM = 3BH49U8WFP;
				INFOPLIST_FILE = MSease/Resources/Info.plist;
				LD_RUNPATH_SEARCH_PATHS = (
					"$(inherited)",
					"@executable_path/Frameworks",
				);
				PRODUCT_BUNDLE_IDENTIFIER = com.negar.MSease;
				PRODUCT_NAME = "$(TARGET_NAME)";
				SWIFT_VERSION = 5.0;
				TARGETED_DEVICE_FAMILY = "1,2";
			};
			name = Debug;
		};
		84979F4225B9DFF500578C37 /* Release */ = {
			isa = XCBuildConfiguration;
			baseConfigurationReference = 29CE2308B856F91845E34F83 /* Pods-MSease.release.xcconfig */;
			buildSettings = {
				ASSETCATALOG_COMPILER_APPICON_NAME = AppIcon;
				ASSETCATALOG_COMPILER_GLOBAL_ACCENT_COLOR_NAME = AccentColor;
				CODE_SIGN_STYLE = Automatic;
				CURRENT_PROJECT_VERSION = 2;
				DEVELOPMENT_TEAM = 3BH49U8WFP;
				INFOPLIST_FILE = MSease/Resources/Info.plist;
				LD_RUNPATH_SEARCH_PATHS = (
					"$(inherited)",
					"@executable_path/Frameworks",
				);
				PRODUCT_BUNDLE_IDENTIFIER = com.negar.MSease;
				PRODUCT_NAME = "$(TARGET_NAME)";
				SWIFT_VERSION = 5.0;
				TARGETED_DEVICE_FAMILY = "1,2";
			};
			name = Release;
		};
/* End XCBuildConfiguration section */

/* Begin XCConfigurationList section */
		84979F2725B9DFF200578C37 /* Build configuration list for PBXProject "MSease" */ = {
			isa = XCConfigurationList;
			buildConfigurations = (
				84979F3E25B9DFF500578C37 /* Debug */,
				84979F3F25B9DFF500578C37 /* Release */,
			);
			defaultConfigurationIsVisible = 0;
			defaultConfigurationName = Release;
		};
		84979F4025B9DFF500578C37 /* Build configuration list for PBXNativeTarget "MSease" */ = {
			isa = XCConfigurationList;
			buildConfigurations = (
				84979F4125B9DFF500578C37 /* Debug */,
				84979F4225B9DFF500578C37 /* Release */,
			);
			defaultConfigurationIsVisible = 0;
			defaultConfigurationName = Release;
		};
/* End XCConfigurationList section */

/* Begin XCRemoteSwiftPackageReference section */
		845996C125F0325F00AA3233 /* XCRemoteSwiftPackageReference "FocusEntity" */ = {
			isa = XCRemoteSwiftPackageReference;
			repositoryURL = "https://github.com/maxxfrazer/FocusEntity";
			requirement = {
				kind = upToNextMajorVersion;
				minimumVersion = 2.2.3;
			};
		};
/* End XCRemoteSwiftPackageReference section */

/* Begin XCSwiftPackageProductDependency section */
		845996C225F0325F00AA3233 /* FocusEntity */ = {
			isa = XCSwiftPackageProductDependency;
			package = 845996C125F0325F00AA3233 /* XCRemoteSwiftPackageReference "FocusEntity" */;
			productName = FocusEntity;
		};
/* End XCSwiftPackageProductDependency section */
	};
	rootObject = 84979F2425B9DFF200578C37 /* Project object */;
}
